<Solution>
  <Folder Name="/Behavioral/">
    <Project Path="ChainOfResponsability/ChainOfResponsability.csproj" Id="485b8073-82c2-48cb-b71c-380ba1a68b16" />
    <Project Path="Command/Command.csproj" Id="673946bc-e08c-4a64-b4ff-3fe23d360d5a" />
    <Project Path="Interpreter/Interpreter.csproj" Id="267910d0-128b-4921-a21e-09aca019a2f0" />
    <Project Path="Iterator/Iterator.csproj" Id="11eaf1c9-5ff2-4127-b80a-6501eadbbbbe" />
    <Project Path="Mediator/Mediator.csproj" Id="19b0f7e8-7bf2-4b6c-b582-ef84e10e15e1" />
    <Project Path="Memento/Memento.csproj" Id="c8ad89ae-dd21-4c29-ae23-d2fdae0a3f42" />
    <Project Path="Observer/Observer.csproj" Id="0bd335f1-5f6d-4934-b885-3d47069dab3e" />
    <Project Path="State/State.csproj" Id="5443e612-c44a-46d7-a635-95470130387c" />
    <Project Path="Strategy/Strategy.csproj" />
    <Project Path="TemplateMethod/TemplateMethod.csproj" Id="f1a3683f-0c50-43b8-87cd-56e5fc84e6b1" />
    <Project Path="Visitor/Visitor.csproj" Id="7c49f2ac-b356-4f4d-b02a-f89c9c199b60" />
  </Folder>
  <Folder Name="/Structural/">
    <Project Path="Adapter/Adapter.csproj" Id="eb76daa9-9b5d-4afc-9003-a66c37dceea6" />
    <Project Path="Bridge/Bridge.csproj" Id="70f1a199-c5c1-476a-9e6c-dd76503835f5" />
    <Project Path="Composite/Composite.csproj" Id="3d225a91-2b48-4a85-bf6e-95fc9b766096" />
    <Project Path="Decorator/Decorator.csproj" Id="70fad3b6-ec23-4f3f-b790-d6a2001be8bf" />
    <Project Path="Facade/Facade.csproj" Id="6b21ad0a-1a2e-472b-b5c9-a9f5f86ae734" />
    <Project Path="Flyweight/Flyweight.csproj" Id="e5f6d3a3-de0c-40cc-9a9a-937ee13eaa27" />
    <Project Path="Proxy/Proxy.csproj" Id="20cc2a96-6d74-4daf-a528-08470333d469" />
  </Folder>
</Solution>
